
Microsoft Visual Studio Solution File, Format Version 12.00
# Visual Studio Version 16
VisualStudioVersion = 16.0.30413.136
MinimumVisualStudioVersion = 10.0.40219.1
Project("{FAE04EC0-301F-11D3-BF4B-00C04F79EFBC}") = "Basics of OOP", "Basics of OOP\Basics of OOP.csproj", "{6073AE49-75F5-44B6-97B5-147627A16E51}"
EndProject
Global
	GlobalSection(SolutionConfigurationPlatforms) = preSolution
		Debug|Any CPU = Debug|Any CPU
		Release|Any CPU = Release|Any CPU
	EndGlobalSection
	GlobalSection(ProjectConfigurationPlatforms) = postSolution
		{6073AE49-75F5-44B6-97B5-147627A16E51}.Debug|Any CPU.ActiveCfg = Debug|Any CPU
		{6073AE49-75F5-44B6-97B5-147627A16E51}.Debug|Any CPU.Build.0 = Debug|Any CPU
		{6073AE49-75F5-44B6-97B5-147627A16E51}.Release|Any CPU.ActiveCfg = Release|Any CPU
		{6073AE49-75F5-44B6-97B5-147627A16E51}.Release|Any CPU.Build.0 = Release|Any CPU
	EndGlobalSection
	GlobalSection(SolutionProperties) = preSolution
		HideSolutionNode = FALSE
	EndGlobalSection
	GlobalSection(ExtensibilityGlobals) = postSolution
		SolutionGuid = {14532D11-9A36-4436-B633-07E64369636D}
	EndGlobalSection
EndGlobal
